YªçŠx-®éÜj×¢ëiºÚ+Š§j[h‘éÜ¢éí×n;ßÔèµ©hºÚn¶X§zÍ^Âˆ›˜[YHŽˆ›ÜZØË]Û™Ë[Z[šYÙ\Ý\™XÛÜ™H‹ˆ™\œÚ[ÛˆŽˆŒŒŒ‹ˆ›ØÚÙš[U™\œÚ[ÛˆŽˆËˆœ™\]Z\™\ÈŽˆYKˆœXÚØYÙ\ÈŽˆÂˆˆŽˆÂˆ›˜[YHŽˆ›ÜZØË]Û™Ë[Z[šYÙ\Ý\™XÛÜ™H‹ˆ™\œÚ[ÛˆŽˆŒŒŒ‹ˆ™\[™[˜ÚY\ÈŽˆÂˆÛÛÙÛKÙÙ[˜ZHŽˆ—ŒK‹Œ‹ˆÛÛÙÛKÙÙ[™\˜]]™KXZHŽˆ—ŒŒŒH‹ˆYYX\\KÝ\ÚÜË]š\Ú[ÛˆŽˆ—ŒŒLŒÌˆ‹ˆZ[Ú[™ÜÜËÝ\ÙÜ˜\HŽˆ—ŒKŒNH‹ˆZ[Ú[™ÜÜËÝš]HŽˆ—ŒKŒM‹ˆ\\Ù^[œÚ[Û‹Z[XYÙHŽˆ—ŒËŒŒ‹Œ‹ˆ\\Ù^[œÚ[Û‹\ÝXœØÜš\Žˆ—ŒËŒŒ‹Œ‹ˆ\\Ù^[œÚ[Û‹\Ý\\œØÜš\Žˆ—ŒËŒŒ‹Œ‹ˆ\\Ù^[œÚ[Û‹]X›HŽˆ—ŒËŒŒ‹Œ‹ˆ\\Ù^[œÚ[Û‹]X›KXÙ[Žˆ—ŒËŒŒ‹Œ‹ˆ\\Ù^[œÚ[Û‹]X›KZXY\ˆŽˆ—ŒËŒŒ‹Œ‹ˆ\\Ù^[œÚ[Û‹]X›K\›ÝÈŽˆ—ŒËŒŒ‹Œ‹ˆ\\Ù^[œÚ[Û‹]^X[YÛˆŽˆ—ŒËŒŒ‹Œ‹ˆ\\Ù^[œÚ[Û‹][™\›[™HŽˆ—ŒËŒŒ‹Œ‹ˆ\\Ù^[œÚ[Û‹^[Ý]X™HŽˆ—ŒËŒŒ‹Œ‹ˆ\\Ü™XXÝŽˆ—ŒËŒŒ‹Œ‹ˆ\\ÜÝ\\‹ZÚ]Žˆ—ŒËŒŒ‹Œ‹ˆš]ZœËÜYÚ[‹\™XXÝŽˆ—KŒ‹ˆ˜™]\‹\Ü[]LÈŽˆ—ŒL‹ŒH‹ˆ™Ý[ˆŽˆ—ŒMËŒ‹ŒÈ‹ˆ™^™\ÜÈŽˆ—ŒŒKŒˆ‹ˆ™š\™X˜\ÙHŽˆ—ŒL‹ŒLKŒ‹ˆ›XÚYK\™XXÝŽˆ—ŒM‹Œ‹ˆ›[Ý[ÛˆŽˆ—ŒL‹ŒŒËŒ‹ˆœ‹[XˆŽˆ—ŒKŒMËŒH‹ˆœ™XXÝŽˆ—ŒNKŒŒ‹ˆœ™XXÝYÛHŽˆ—ŒNKŒŒ‹ˆœ™XXÝ[X\šÙÝÛˆŽˆ—ŒLŒKŒ‹ˆœ™XXÝ\]Z[Žˆ—Œ‹ŒŒ‹ˆš]HŽˆ—‹Œ‹Œ‹ˆžÞŽˆ—ŒŒNH‚ˆKˆ™]‘\[™[˜ÚY\ÈŽˆÂˆš\™X˜\ÙKÙ\Û[\YÚ[‹\ÙXÝ\š]K\[\ÈŽˆ—ŒŒŒˆ‹ˆ\\ËÙ^™\ÜÈŽˆ—ŒMËŒŒH‹ˆ\\ËÛ›ÙHŽˆ—ŒŒ‹ŒMŒ‹ˆ˜]]Ü™Yš^\ˆŽˆ—ŒLŒŒH‹ˆ™\ØZ[Žˆ—ŒŒŽŒ‹ˆ™\Û[Žˆ—ŒLŒ‹ŒH‹ˆZ[Ú[™ÜÜÈŽˆ—ŒKŒM‹ˆÞŽˆ—ŒŒKŒ‹ˆ\\ØÜš\ŽˆŸKŽŒˆ‹ˆš]HŽˆ—‹Œ‹Œ‚ˆBˆKˆ››ÙWÛ[Ù[\ËÐ˜X™[ØÛÙKYœ˜[YHŽˆÂˆ™\œÚ[ÛˆŽˆËŒŽKŒ‹ˆœ™\ÛÛ™YŽˆšÎ‹ËÜ™YÚ\ÝžK›œZœË›Ü™ËÐ˜X™[ØÛÙKYœ˜[YKËKØÛÙKYœ˜[YKMËŒŽKŒÞˆ‹ˆš[YÜš]HŽˆœÚMLL‹NSšÙVZœNJÌÝ^ÙŒÚR–“Œ™PÝ‘ÜžSQ–ŒRÝŒØÕÕS˜‘ÚÕ]˜ÕÞ’ÑÔ˜ÝÍšÓMš’“YÓÝØ˜ÝÏOH‹ˆ›XÙ[œÙHŽˆ“RU‹ˆ™\[™[˜ÚY\ÈŽˆÂˆ˜X™[Ú[\‹]˜[Y]Ü‹ZY[YšY\ˆŽˆ—ËŒŽH‹ˆšœË]ÚÙ[œÈŽˆ—ŒŒ‹ˆœXÛØÛÛÜœÈŽˆ—ŒKŒKŒH‚ˆKˆ™[™Ú[™\ÈŽˆÂˆ››ÙHŽˆM‹ŽKŒ‚ˆBˆKˆ››ÙWÛ[Ù[\ËÐ˜X™[ØÛÛ\]Y]HŽˆÂˆ™\œÚ[ÛˆŽˆËŒŽKŒ‹ˆœ™\ÛÛ™YŽˆšÎ‹ËÜ™YÚ\ÝžK›œZœË›Ü™ËÐ˜X™[ØÛÛ\]Y]KËKØÛÛ\]Y]KMËŒŽKŒÞˆ‹ˆš[YÜš]HŽˆœÚMLL‹USÒœUÚŽJØÛŽšÝÚØ“™“ËÌ^LXÍÓÙV”™Þ‘ÕØYšMŽTŽ^šÖTØ\›‘M“ÕL•”ØÌ˜ÚQ›ÐRš™ÏOH‹ˆ›XÙ[œÙHŽˆ“RU‹ˆ™[™Ú[™\ÈŽˆÂˆ››ÙHŽˆM‹ŽKŒ‚ˆBˆKˆ››ÙWÛ[Ù[\ËÐ˜X™[ØÛÜ™HŽˆÂˆ™\œÚ[ÛˆŽˆËŒŽKŒ‹ˆœ™\ÛÛ™YŽˆšÎ‹ËÜ™YÚ\ÝžK›œZœË›Ü™ËÐ˜X™[ØÛÜ™KËKØÛÜ™KMËŒŽKŒÞˆ‹ˆš[YÜš]HŽˆœÚMLL‹PÑÓÙ“ÒœUÚ™ÌœUËÓXž“œÑJÝM]‘”N˜“L^Ž\VŠÛQLZZÔš•VÊÚ”ŒVQQ”›šMYŽM[œY]]ÓQPOOH‹ˆ›XÙ[œÙHŽˆ“RU‹ˆ™\[™[˜ÚY\ÈŽˆÂˆ˜X™[ØÛÙKYœ˜[YHŽˆ—ËŒŽKŒ‹ˆ˜X™[ÙÙ[™\˜]ÜˆŽˆ—ËŒŽKŒ‹ˆ˜X™[Ú[\‹XÛÛ\[][Û‹]\™Ù]ÈŽˆ—ËŒŽˆ‹ˆ˜X™[Ú[\‹[[Ù[K]˜[œÙ›Ü›\ÈŽˆ—ËŒŽˆ‹ˆ˜X™[Ú[\œÈŽˆ—ËŒŽˆ‹ˆ˜X™[Ü\œÙ\ˆŽˆ—ËŒŽKŒ‹ˆ˜X™[Ý[\]HŽˆ—ËŒŽˆ‹ˆ˜X™[Ý˜]™\œÙHŽˆ—ËŒŽKŒ‹ˆ˜X™[Ý\\ÈŽˆ—ËŒŽKŒ‹ˆœšYÙ]Ù[Ü™[X\[™ÈŽˆ—Œ‹ŒËH‹ˆ˜ÛÛ™\\ÛÝ\˜ÙK[X\Žˆ—Œ‹ŒŒ‹ˆ™XYÈŽˆ—ŒKŒ‹ˆ™Ù[œÞ[˜ÈŽˆ—ŒKŒŒX™]KŒˆ‹ˆšœÛÛHŽˆ—Œ‹Œ‹ŒÈ‹ˆœÙ[]™\ˆŽˆ—‹ŒËŒH‚ˆKˆ™[™Ú[™\ÈŽˆÂˆ››ÙHŽˆM‹ŽKŒ‚ˆKˆ™[™[™ÈŽˆÂˆ\HŽˆ›Ü[˜ÛÛXÝ]™H‹ˆ\›ŽˆšÎ‹ËÛÜ[˜ÛÛXÝ]™K˜ÛÛKØ˜X™[‚ˆBˆKˆ››ÙWÛ[Ù[\ËÐ˜X™[ÙÙ[™\˜]ÜˆŽˆÂˆ™\œÚ[ÛˆŽˆËŒŽKŒH‹ˆœ™\ÛÛ™YŽˆšÎ‹ËÜ™YÚ\ÝžK›œZœË›Ü™ËÐ˜X™[ÙÙ[™\˜]Ü‹ËKÙÙ[™\˜]Ü‹MËŒŽKŒKÞˆ‹ˆš[YÜš]HŽˆœÚMLL‹\\ØQŠÎTXÛL”]ŽÔ’SS\ØÐ]‘ÍÌÛŒŒQÝS[ÍR‹Ðœ“Ü™Û–ËÑZØ™]’™QÜÍËÛÔŽ]ŠÐœÛ^˜šØ™JÌ]ÏOH‹ˆ›XÙ[œÙHŽˆ“RU‹ˆ™\[™[˜ÚY\ÈŽˆÂˆ˜X™[Ü\œÙ\ˆŽˆ—ËŒŽKŒ‹ˆ˜X™[Ý\\ÈŽˆ—ËŒŽKŒ‹ˆœšYÙ]Ù[ÙÙ[‹[X\[™ÈŽˆ—ŒŒËŒLˆ‹ˆœšYÙ]Ù[Ý˜XÙK[X\[™ÈŽˆ—ŒŒËŒŽ‹ˆšœÙ\ØÈŽˆ—ŒËŒŒˆ‚ˆKˆ™[™Ú[™\ÈŽˆÂˆ››ÙHŽˆM‹ŽKŒ‚ˆBˆKˆ››ÙWÛ[Ù[\ËÐ˜X™[Ú[\‹XÛÛ\[][Û‹]\™Ù]ÈŽˆÂˆ™\œÚ[ÛˆŽˆËŒŽˆ‹ˆœ™\ÛÛ™YŽˆšÎ‹ËÜ™YÚ\ÝžK›œZœË›Ü™ËÐ˜X™[Ú[\‹XÛÛ\[][Û‹]\™Ù]ËËKÚ[\‹XÛÛ\[][Û‹]\™Ù]ËMËŒŽ‹Þˆ‹ˆš[YÜš]HŽˆœÚMLL‹R–]ÌÚZLMY˜ÞQØTÓ“ÔÐÕŒ“S›ZœšÒÍ”ÜÐKÙÜžÎÝÞVXX’ÐÜN–ÚÝXMžXXPš]
ÌØÊÕ–”™˜ÐOOH‹ˆ›XÙ[œÙHŽˆ“RU‹ˆ™\[™[˜ÚY\ÈŽˆÂˆ˜X™[ØÛÛ\]Y]HŽˆ—ËŒŽˆ‹ˆ˜X™[Ú[\‹]˜[Y]Ü‹[Ü[ÛˆŽˆ—ËŒËŒH‹ˆ˜œ›ÝÜÙ\œÛ\ÝŽˆ—ŒŒ‹ˆ›KXØXÚHŽˆ—KŒKŒH‹ˆœÙ[]™\ˆŽˆ—‹ŒËŒH‚ˆKˆ™[™Ú[™\ÈŽˆÂˆ››ÙHŽˆM‹ŽKŒ‚ˆBˆKˆ››ÙWÛ[Ù[\ËÐ˜X™[Ú[\‹YÛØ˜[ÈŽˆÂˆ™\œÚ[ÛˆŽˆËŒŽŒ‹ˆœ™\ÛÛ™YŽˆšÎ‹ËÜ™YÚ\ÝžK›œZœË›Ü™ËÐ˜X™[Ú[\‹YÛØ˜[ËËKÚ[\‹YÛØ˜[ËMËŒŽŒÞˆ‹ˆš[YÜš]HŽˆœÚMLL‹JÕÍ˜ÒTÚÖ˜LZ–ÑYPNY]”UÑ•S”ŽN\˜Õ˜]YÜÍLÕÙZUÐNÙÝ^ÜÙÒÔ]VY”ÕÛÜÓMÏOH‹ˆ›XÙ[œÙHŽˆ“RU‹ˆ™[™Ú[™\ÈŽˆÂˆ››ÙHŽˆM‹ŽKŒ‚ˆBˆKˆ››ÙWÛ[Ù[\ËÐ˜X™[Ú[\‹[[Ù[KZ[\ÜÈŽˆÂˆ™\œÚ[ÛˆŽˆËŒŽˆ‹ˆœ™\ÛÛ™YŽˆšÎ‹ËÜ™YÚ\ÝžK›œZœË›Ü™ËÐ˜X™[Ú[\‹[[Ù[KZ[\ÜËËKÚ[\‹[[Ù[KZ[\ÜËMËŒŽ‹Þˆ‹ˆš[YÜš]HŽˆœÚMLL‹[VÖ’ÍÜÝØNSXÑÝÎSÖž^PÕ\ØØÍÒ•ÕÜÝÝÑ‘KÌ“TPQÜUÕV›ŽNQšÔÐ•ÑXÒÌZ›]X™œÌ™SYÏOH‹ˆ›XÙ[œÙHŽˆ“RU‹ˆ™\[™[˜ÚY\ÈŽˆÂˆ˜X™[Ý˜]™\œÙHŽˆ—ËŒŽˆ‹ˆ˜X™[Ý\\ÈŽˆ—ËŒŽˆ‚ˆKˆ™[™Ú[™\ÈŽˆÂˆ››ÙHŽˆM‹ŽKŒ‚ˆBˆKˆ››ÙWÛ[Ù[\ËÐ˜X™[Ú[\‹[[Ù[K]˜[œÙ›Ü›\ÈŽˆÂˆ™\œÚ[ÛˆŽˆËŒŽˆ‹ˆœ™\ÛÛ™YŽˆšÎ‹ËÜ™YÚ\ÝžK›œZœË›Ü™ËÐ˜X™[Ú[\‹[[Ù[K]˜[œÙ›Ü›\ËËKÚ[\‹[[Ù[K]˜[œÙ›Ü›\ËMËŒŽ‹Þˆ‹ˆš[YÜš]HŽˆœÚMLL‹MÛÖV\Œ˜Ñ‘ÓPPš™’–™‘[TÒMÕÒÜÌœœRTÜÛÌÜÎTÐQÑQžMÞ˜šKÝÓÞ•PžUÕÕ‘Q“’UQØÐOOH‹ˆ›XÙ[œÙHŽˆ“RU‹ˆ™\[™[˜ÚY\ÈŽˆÂˆ˜X™[Ú[\‹[[Ù[KZ[\ÜÈŽˆ—ËŒŽˆ‹ˆ˜X™[Ú[\‹]˜[Y]Ü‹ZY[YšY\ˆŽˆ—ËŒŽH‹ˆ˜X™[Ý˜]™\œÙHŽˆ—ËŒŽˆ‚ˆKˆ™[™Ú[™\ÈŽˆÂˆ››ÙHŽˆM‹ŽKŒ‚ˆKˆœY\‘\[™[˜ÚY\ÈŽˆÂˆ˜X™[ØÛÜ™HŽˆ—ËŒŒ‚ˆBˆKˆ››ÙWÛ[Ù[\ËÐ˜X™[Ú[\‹\YÚ[‹]][ÈŽˆÂˆ™\œÚ[ÛˆŽˆËŒŽˆ‹ˆœ™\ÛÛ™YŽˆšÎ‹ËÜ™YÚ\ÝžK›œZœË›Ü™ËÐ˜X™[Ú[\‹\YÚ[‹]][ËËKÚ[\‹\YÚ[‹]][ËMËŒŽ‹Þˆ‹ˆš[YÜš]HŽˆœÚMLL‹TÎYÞ–‹ØžŽÑÔž\ÒMÙÐQÔÐRLÝPÛ–JÎ^ŠÓ^ÒÔÌ’Ò’^ŒUÎšÙÌ˜Ü^]Ô““Ð“NZ˜ÖžNÙÍÛKÑYÏOH‹ˆ›XÙ[œÙHŽˆ“RU‹ˆ™[™Ú[™\ÈŽˆÂˆ››ÙHŽˆM‹ŽKŒ‚ˆBˆKˆ››ÙWÛ[Ù[\ËÐ˜X™[Ú[\‹\Ýš[™Ë\\œÙ\ˆŽˆÂˆ™\œÚ[ÛˆŽˆËŒËŒH‹ˆœ™\ÛÛ™YŽˆšÎ‹ËÜ™YÚ\ÝžK›œZœË›Ü™ËÐ˜X™[Ú[\‹\Ýš[™Ë\\œÙ\‹ËKÚ[\‹\Ýš[™Ë\\œÙ\‹MËŒËŒKÞˆ‹ˆš[YÜš]HŽˆœÚMLL‹\S[ÞØœ›\šY^ÎL›”ÛØžQZ•\L‘Í›Ñ•\YSÑÞTZž\ZRZZNJÞV™š™L˜Ø]•ÔØ•ÛLÙPOOH‹ˆ›XÙ[œÙHŽˆ“RU‹ˆ™[™Ú[™\ÈŽˆÂˆ››ÙHŽˆM‹ŽKŒ‚ˆBˆKˆ››ÙWÛ[Ù[\ËÐ˜X™[Ú[\‹]˜[Y]Ü‹ZY[YšY\ˆŽˆÂˆ™\œÚ[ÛˆŽˆËŒŽH‹ˆœ™\ÛÛ™YŽˆšÎ‹ËÜ™YÚ\ÝžK›œZœË›Ü™ËÐ˜X™[Ú[\‹]˜[Y]Ü‹ZY[YšY\‹ËKÚ[\‹]˜[Y]Ü‹ZY[YšY\‹MËŒŽKÞˆ‹ˆš[YÜš]HŽˆœÚMLL‹\TÜÍYÞ’Ò”ÕŒÎ]XÓšœÝ˜Í•Õ’Í˜ÔÌÜÓÚ“ØÒŽUR•”UÕÐS\Ó•UžšÐšR]”–›ÓÛ’X\•šœRÕ\ÕVŒTOOH‹ˆ›XÙ[œÙHŽˆ“RU‹ˆ™[™Ú[™\ÈŽˆÂˆ››ÙHŽˆM‹ŽKŒ‚ˆBˆKˆ››ÙWÛ[Ù[\ËÐ˜X™[Ú[\‹]˜[Y]Ü‹[Ü[ÛˆŽˆÂˆ™\œÚ[ÛˆŽˆËŒËŒH‹ˆœ™\ÛÛ™YŽˆšÎ‹ËÜ™YÚ\ÝžK›œZœË›Ü™ËÐ˜X™[Ú[\‹]˜[Y]Ü‹[Ü[Û‹ËKÚ[\‹]˜[Y]Ü‹[Ü[Û‹MËŒËŒKÞˆ‹ˆš[YÜš]HŽˆœÚMLL‹V]š’›ÝÎQžš‘’ÑÝQ›•ÙL•ÞÌ^•ØÌŒ™‘™T“‘XUÒ‘]N\–•›M“ŒRÞ–œ•SLZ[ÓÎS[XR–X–YR”ÙÏOH‹ˆ›XÙ[œÙHŽˆ“RU‹ˆ™[™Ú[™\ÈŽˆÂˆ››ÙHŽˆM‹ŽKŒ‚ˆBˆKˆ››ÙWÛ[Ù[\ËÐ˜X™[Ú[\œÈŽˆÂˆ™\œÚ[ÛˆŽˆËŒŽˆ‹ˆœ™\ÛÛ™YŽˆšÎ‹ËÜ™YÚ\ÝžK›œZœË›Ü™ËÐ˜X™[Ú[\œËËKÚ[\œËMËŒŽ‹Þˆ‹ˆš[YÜš]HŽˆœÚMLL‹^ÐÜN’ÕÕQ’Ù•Õ^ÙÑ[JÔÙLÞMžRUÓ•ÌTU\ÛÕ˜ÖÜÒØ‘JËÚ”X]ZÔPY‹ÙÙŒÍÌÖY]ÏOH‹ˆ›XÙ[œÙHŽˆ“RU‹ˆ™\[™[˜ÚY\ÈŽˆÂˆ˜X™[Ý[\]HŽˆ—ËŒŽˆ‹ˆ˜X™[Ý\\ÈŽˆ—ËŒŽˆ‚ˆKˆ™[™Ú[™\ÈŽˆÂˆ››ÙHŽˆM‹ŽKŒ‚ˆBˆKˆ››ÙWÛ[Ù[\ËÐ˜X™[Ü\œÙ\ˆŽˆÂˆ™\œÚ[ÛˆŽˆËŒŽKŒ‹ˆœ™\ÛÛ™YŽˆšÎ‹ËÜ™YÚ\ÝžK›œZœË›Ü™ËÐ˜X™[Ü\œÙ\‹ËKÜ\œÙ\‹MËŒŽKŒÞˆ‹ˆš[YÜš]HŽˆœÚMLL‹R^QÑ•QÙQU–Y‹ÌÐÔS‘ÔÖS^’YÙÙÞ\Ý[”UŒËÎœ]ÊÎSØP]R[ÌœRYœ˜Ý
ÍÝÝÏOH‹ˆ›XÙ[œÙHŽˆ“RU‹ˆ™\[™[˜ÚY\ÈŽˆÂˆ˜X™[Ý\\ÈŽˆ—ËŒŽKŒ‚ˆKˆ˜š[ˆŽˆÂˆœ\œÙ\ˆŽˆ˜š[‹Ø˜X™[\\œÙ\‹šœÈ‚ˆKˆ™[™Ú[™\ÈŽˆÂˆ››ÙHŽˆM‹ŒŒ‚ˆBˆKˆ››ÙWÛ[Ù[\ËÐ˜X™[ÜYÚ[‹]˜[œÙ›Ü›K\™XXÝZœÞ\Ù[ˆŽˆÂˆ™\œÚ[ÛˆŽˆËŒËŒH‹ˆœ™\ÛÛ™YŽˆšÎ‹ËÜ™YÚ\ÝžK›œZœË›Ü™ËÐ˜X™[ÜYÚ[‹]˜[œÙ›Ü›K\™XXÝZœÞ\Ù[‹ËKÜYÚ[‹]˜[œÙ›Ü›K\™XXÝZœÞ\Ù[‹MËŒËŒKÞˆ‹ˆš[YÜš]HŽˆœÚMLL‹M•^šÐÜÊÙZ‘Ù[Q‘ËÓÐÕ\ŒŽXŒ™œ^›–›PÖšSÐ’ÚP’Ìš–SÊÐ”Ù–œZ’ÍY–“TÛ”[ŒÔœL›\’’Ì›]ÏOH‹ˆ›XÙ[œÙHŽˆ“RU‹ˆ™\[™[˜ÚY\ÈŽˆÂˆ˜X™[Ú[\‹\YÚ[‹]][ÈŽˆ—ËŒËŒH‚ˆKˆ™[™Ú[™\ÈŽˆÂˆ››ÙHŽˆM‹ŽKŒ‚ˆKˆœY\‘\[™[˜ÚY\ÈŽˆÂˆ˜X™[ØÛÜ™HŽˆ—ËŒŒL‚ˆBˆKˆ››ÙWÛ[Ù[\ËÐ˜X™[ÜYÚ[‹]˜[œÙ›Ü›K\™XXÝZœÞ\ÛÝ\˜ÙHŽˆÂˆ™\œÚ[ÛˆŽˆËŒËŒH‹ˆœ™\ÛÛ™YŽˆšÎ‹ËÜ™YÚ\ÝžK›œZœË›Ü™ËÐ˜X™[ÜYÚ[‹]˜[œÙ›Ü›K\™XXÝZœÞ\ÛÝ\˜ÙKËKÜYÚ[‹]˜[œÙ›Ü›K\™XXÝZœÞ\ÛÝ\˜ÙKMËŒËŒKÞˆ‹ˆš[YÜš]HŽˆœÚMLL‹^˜ÛÕÐœURÐŽZÜMÌÚMšQ™R’XQšÕXÝœQ[žYÛÓ˜š‹Ú’œÔÙ[ÚÛÝÖ‘“ŒÐÖ]‘\XÛ[ZÕ™NSÔÍÛ]ÏOH‹ˆ›XÙ[œÙHŽˆ“RU‹ˆ™\[™[˜ÚY\ÈŽˆÂˆ˜X™[Ú[\‹\YÚ[‹]][ÈŽˆ—ËŒËŒH‚ˆKˆ™[™Ú[™\ÈŽˆÂˆ››ÙHŽˆM‹ŽKŒ‚ˆKˆœY\‘\[™[˜ÚY\ÈŽˆÂˆ˜X™[ØÛÜ™HŽˆ—ËŒŒL‚ˆBˆKˆ››ÙWÛ[Ù[\ËÐ˜X™[Ý[\]HŽˆÂˆ™\œÚ[ÛˆŽˆËŒŽˆ‹ˆœ™\ÛÛ™YŽˆšÎ‹ËÜ™YÚ\ÝžK›œZœË›Ü™ËÐ˜X™[Ý[\]KËKÝ[\]KMËŒŽ‹Þˆ‹ˆš[YÜš]HŽˆœÚMLL‹VPM“XL’ÜÐÙØŠÕÐÍ•\•‘’‘ÖNQM›ÞSÓ˜šžQ‹ÊÍ\Ð™ÞKÙÚÚÙØ“U‘ÖUNÒZËÌ‘SÜÌP‹ÙÚ^ŠÐ”OOH‹ˆ›XÙ[œÙHŽˆ“RU‹ˆ™\[™[˜ÚY\ÈŽˆÂˆ˜X™[ØÛÙKYœ˜[YHŽˆ—ËŒŽˆ‹ˆ˜X™[Ü\œÙ\ˆŽˆ—ËŒŽˆ‹ˆ˜X™[Ý\\ÈŽˆ—ËŒŽˆ‚ˆKˆ™[™Ú[™\ÈŽˆÂˆ››ÙHŽˆM‹ŽKŒ‚ˆBˆKˆ››ÙWÛ[Ù[\ËÐ˜X™[Ý˜]™\œÙHŽˆÂˆ™\œÚ[ÛˆŽˆËŒŽKŒ‹ˆœ™\ÛÛ™YŽˆšÎ‹ËÜ™YÚ\ÝžK›œZœË›Ü™ËÐ˜X™[Ý˜]™\œÙKËKÝ˜]™\œÙKMËŒŽKŒÞˆ‹ˆš[YÜš]HŽˆœÚMLL‹MT\ŒÊÝØRžVœÔ•ÓÒÙÓŒ[^YÓ•ÙU“X”‘ŒÊÖšÓ\ÎÞÛÒ‘NYš‘MÊÛ›Y[RÙ’”POOH‹ˆ›XÙ[œÙHŽˆ“RU‹ˆ™\[™[˜ÚY\ÈŽˆÂˆ˜X™[ØÛÙKYœ˜[YHŽˆ—ËŒŽKŒ‹ˆ˜X™[ÙÙ[™\˜]ÜˆŽˆ—ËŒŽKŒ‹ˆ˜X™[Ú[\‹YÛØ˜[ÈŽˆ—ËŒŽŒ‹ˆ˜X™[Ü\œÙ\ˆŽˆ—ËŒŽKŒ‹ˆ˜X™[Ý[\]HŽˆ—ËŒŽˆ‹ˆ˜X™[Ý\\ÈŽˆ—ËŒŽKŒ‹ˆ™XYÈŽˆ—ŒËŒH‚ˆKˆ™[™Ú[™\ÈŽˆÂˆ››ÙHŽˆM‹ŽKŒ‚ˆBˆKˆ››ÙWÛ[Ù[\ËÐ˜X™[Ý\\ÈŽˆÂˆ™\œÚ[ÛˆŽˆËŒŽKŒ‹ˆœ™\ÛÛ™YŽˆšÎ‹ËÜ™YÚ\ÝžK›œZœË›Ü™ËÐ˜X™[Ý\\ËËKÝ\\ËMËŒŽKŒÞˆ‹ˆš[YÜš]HŽˆœÚMLL‹SÙ’ØÓM^ŽÌšRÔÞ”ÊØÙ™Ûž’‘Ý›Ù”RPÞMÕÍÝØ\MXP[^U]SÍ‘Ü˜žTL›VUŒLUÌN[PšMÐŒOOH‹ˆ›XÙ[œÙHŽˆ“RU‹ˆ™\[™[˜ÚY\ÈŽˆÂˆ˜X™[Ú[\‹\Ýš[™Ë\\œÙ\ˆŽˆ—ËŒËŒH‹ˆ˜X™[Ú[\‹]˜[Y]Ü‹ZY[YšY\ˆŽˆ—ËŒŽH‚ˆKˆ™[™Ú[™\ÈŽˆÂˆ››ÙHŽˆM‹ŽKŒ‚ˆBˆKˆ››ÙWÛ[Ù[\ËÐ\ØZ[ØZ^\ÍŽˆÂˆ™\œÚ[ÛˆŽˆŒŒŽŒ‹ˆœ™\ÛÛ™YŽˆšÎ‹ËÜ™YÚ\ÝžK›œZœË›Ü™ËÐ\ØZ[ØZ^\ÍËKØZ^\ÍLŒŽŒÞˆ‹ˆš[YÜš]HŽˆœÚMLL‹[•PÙ]SÞR”UTšÚÜ•’\Ø‘^R’ZZÖÌYÚ]ÑJÓZ^XÛQ\ÔS\SYŒN’Ü˜\RL]Y‘ÌŒSUØÕÛOOH‹ˆ˜ÜHŽˆÂˆœÍ‚ˆKˆ™]ˆŽˆYKˆ›XÙ[œÙHŽˆ“RU‹ˆ›Ü[Û˜[ŽˆYKˆ›ÜÈŽˆÂˆ˜Z^‚ˆKˆ™[™Ú[™\ÈŽˆÂˆ››ÙHŽˆLN‚ˆBˆKˆ››ÙWÛ[Ù[\ËÐ\ØZ[Ø[™›ÚYX\›HŽˆÂˆ™\œÚ[ÛˆŽˆŒŒŽŒ‹ˆœ™\ÛÛ™YŽˆšÎ‹ËÜ™YÚ\ÝžK›œZœË›Ü™ËÐ\ØZ[Ø[™›ÚYX\›KËKØ[™›ÚYX\›KLŒŽŒÞˆ‹ˆš[YÜš]HŽˆœÚMLL‹]ÜZž[˜X–ÒUÖS[ÒZ’ÐÍ˜]Í’ÌÙ“\Ô™›”–”MY[QÍVPÓ™ÚÝ‘ÖSXœ[œ’’ÜKÒËÛ”TÔOOH‹ˆ˜ÜHŽˆÂˆ˜\›H‚ˆKˆ™]ˆŽˆYKˆ›XÙ[œÙHŽˆ“RU‹ˆ›Ü[Û˜[ŽˆYKˆ›ÜÈŽˆÂˆ˜[™›ÚY‚ˆKˆ™[™Ú[™\ÈŽˆÂˆ››ÙHŽˆLN‚ˆBˆKˆ››ÙWÛ[Ù[\ËÐ\ØZ[Ø[™›ÚYX\›MŽˆÂˆ™\œÚ[ÛˆŽˆŒŒŽŒ‹ˆœ™\ÛÛ™YŽˆšÎ‹ËÜ™YÚ\ÝžK›œZœË›Ü™ËÐ\ØZ[Ø[™›ÚYX\›MËKØ[™›ÚYX\›MLŒŽŒÞˆ‹ˆš[YÜš]HŽˆœÚMLL‹JÕÞ’VSÔØQÜÌÌÝYÖTYKÞTRŒÕL’˜ØLÞN•ÓX•UšÜ•[ÊÝ\ÔËÔZQ™ÌR\Þ“\–žJÜ]ÔÔ™
ÜÏOH‹ˆ˜ÜHŽˆÂˆ˜\›M‚ˆKˆ™]ˆŽˆYKˆ›XÙ[œÙHŽˆ“RU‹ˆ›Ü[Û˜[ŽˆYKˆ›ÜÈŽˆÂˆ˜[™›ÚY‚ˆKˆ™[™Ú[™\ÈŽˆÂˆ››ÙHŽˆLN‚ˆBˆKˆ››ÙWÛ[Ù[\ËÐ\ØZ[Ø[™›ÚY^ŽˆÂˆ™\œÚ[ÛˆŽˆŒŒŽŒ‹ˆœ™\ÛÛ™YŽˆšÎ‹ËÜ™YÚ\ÝžK›œZœË›Ü™ËÐ\ØZ[Ø[™›ÚY^ËKØ[™›ÚY^LŒŽŒÞˆ‹ˆš[YÜš]HŽˆœÚMLL‹JÕ’™ÙÛØRÚÌ•““œU“Ù”ÌNU^”ÚËÛTŽQQN‘ÚÙŒÙ›ÝÕÖKÙÕÚ‘“ž\ÙÎœVÑZ“[ÍLÕY™UPOOH‹ˆ˜ÜHŽˆÂˆž‚ˆKˆ™]ˆŽˆYKˆ›XÙ[œÙHŽˆ“RU‹ˆ›Ü[Û˜[ŽˆYKˆ›ÜÈŽˆÂˆ˜[™›ÚY‚ˆKˆ™[™Ú[™\ÈŽˆÂˆ››ÙHŽˆLN‚ˆBˆKˆ››ÙWÛ[Ù[\ËÐ\ØZ[Ù\Ú[‹X\›MŽˆÂˆ™\œÚ[ÛˆŽˆŒŒŽŒ‹ˆœ™\ÛÛ™YŽˆšÎ‹ËÜ™YÚ\ÝžK›œZœË›Ü™ËÐ\ØZ[Ù\Ú[‹X\›MËKÙ\Ú[‹X\›MLŒŽŒÞˆ‹ˆš[YÜš]HŽˆœÚMLL‹L
ÐNUÖ›JØ–Ž–ÌXÚÖ\ÓÝžPLÞÙLXÚŒRÙ™•ÌÍž•\LVR
ÑÐ\•ÓÜ\ÍÜ–ÔŒ•ÙMÓ]ŒOOH‹ˆ˜ÜHŽˆÂˆ˜\›M‚ˆKˆ™]ˆŽˆYKˆ›XÙ[œÙHŽˆ“RU‹ˆ›Ü[Û˜[ŽˆYKˆ›ÜÈŽˆÂˆ™\Ú[ˆ‚ˆKˆ™[™Ú[™\ÈŽˆÂˆ››ÙHŽˆLN‚ˆBˆKˆ››ÙWÛ[Ù[\ËÐ\ØZ[Ù\Ú[‹^ŽˆÂˆ™\œÚ[ÛˆŽˆŒŒŽŒ‹ˆœ™\ÛÛ™YŽˆšÎ‹ËÜ™YÚ\ÝžK›œZœË›Ü™ËÐ\ØZ[Ù\Ú[‹^ËKÙ\Ú[‹^LŒŽŒÞˆ‹ˆš[YÜš]HŽˆœÚMLL‹Yž^“KÑÎÐÙœ™‹ÖM›SÔœÚ•MÕ’Ý’VÚ›Ñ‘“ÒSœ”Z[ŒYÑÑ‘Ž[TÝUÙŽ‘œÊÓOOH‹ˆ˜ÜHŽˆÂˆž‚ˆKˆ™]ˆŽˆYKˆ›XÙ[œÙHŽˆ“RU‹ˆ›Ü[Û˜[ŽˆYKˆ›ÜÈŽˆÂˆ™\Ú[ˆ‚ˆKˆ™[™Ú[™\ÈŽˆÂˆ››ÙHŽˆLN‚ˆBˆKˆ››ÙWÛ[Ù[\ËÐ\ØZ[Ùœ™YXœÙX\›MŽˆÂˆ™\œÚ[ÛˆŽˆŒŒŽŒ‹ˆœ™\ÛÛ™YŽˆšÎ‹ËÜ™YÚ\ÝžK›œZœË›Ü™ËÐ\ØZ[Ùœ™YXœÙX\›MËKÙœ™YXœÙX\›MLŒŽŒÞˆ‹ˆš[YÜš]HŽˆœÚMLL‹[QÙUÍUV•ZÎXœ–RJÌÑ™˜ÔžÒQÚŒ•\ÜKÓ‘ž•RÛLÚÍ[ÒT™ØŒÍÛRN]MŒ[œŒ™ÒL›SLÓšÔOOH‹ˆ˜ÜHŽˆÂˆ˜\›M‚ˆKˆ™]ˆŽˆYKˆ›XÙ[œÙHŽˆ“RU‹ˆ›Ü[Û˜[ŽˆYKˆ›ÜÈŽˆÂˆ™œ™YXœÙ‚ˆKˆ™[™Ú[™\ÈŽˆÂˆ››ÙHŽˆLN‚ˆBˆKˆ››ÙWÛ[Ù[\ËÐ\ØZ[Ùœ™YXœÙ^ŽˆÂˆ™\œÚ[ÛˆŽˆŒŒŽŒ‹ˆœ™\ÛÛ™YŽˆšÎ‹ËÜ™YÚ\ÝžK›œZœË›Ü™ËÐ\ØZ[Ùœ™YXœÙ^ËKÙœ™YXœÙ^LŒŽŒÞˆ‹ˆš[YÜš]HŽˆœÚMLL‹P–ÔXZKÐLÔÍ‘\ÌÞQ’ÐTÚRÑØÌ]QSÙÙUžLÔÜÐLTÌØRÍŒÙNMÍ™U[”JÓ˜™PS˜ÖZ\ŒUNSÏOH‹ˆ˜ÜHŽˆÂˆž‚ˆKˆ™]ˆŽˆYKˆ›XÙ[œÙHŽˆ“RU‹ˆ›Ü[Û˜[ŽˆYKˆ›ÜÈŽˆÂˆ™œ™YXœÙ‚ˆKˆ™[™Ú[™\ÈŽˆÂˆ››ÙHŽˆLN‚ˆBˆKˆ››ÙWÛ[Ù[\ËÐ\ØZ[Û[^X\›HŽˆÂˆ™\œÚ[ÛˆŽˆŒŒŽŒ‹ˆœ™\ÛÛ™YŽˆšÎ‹ËÜ™YÚ\ÝžK›œZœË›Ü™ËÐ\ØZ[Û[^X\›KËKÛ[^X\›KLŒŽŒÞˆ‹ˆš[YÜš]HŽˆœÚMLL‹PÚ˜XT‘R˜YÜRœÚUS”ZššYS˜ÒÖXÙQÞ˜ÝÞÝš’MÓ–›MÎ\ZRÎXÚSYMÒÝ’•˜P™ÎZÓ‹ÖYÏOH‹ˆ˜ÜHŽˆÂˆ˜\›H‚ˆKˆ™]ˆŽˆYKˆ›XÙ[œÙHŽˆ“RU‹ˆ›Ü[Û˜[ŽˆYKˆ›ÜÈŽˆÂˆ›[^‚ˆKˆ™[™Ú[™\ÈŽˆÂˆ››ÙHŽˆLN‚ˆBˆKˆ››ÙWÛ[Ù[\ËÐ\ØZ[Û[^X\›MŽˆÂˆ™\œÚ[ÛˆŽˆŒŒŽŒ‹ˆœ™\ÛÛ™YŽˆšÎ‹ËÜ™YÚ\ÝžK›œZœË›Ü™ËÐ\ØZ[Û[^X\›MËKÛ[^X\›MLŒŽŒÞˆ‹ˆš[YÜš]HŽˆœÚMLL‹T•ž^™˜ŒÑ•ÜÑÐMM[•ÖLQRQTT“Q˜Øš‘M™™–‘SQYZÙÞÒS]^^QÑ›•˜•ÚÊÐÓYÕZ›U‹ÓÝšZM•ÊÐOOH‹ˆ˜ÜHŽˆÂˆ˜\›M‚ˆKˆ™]ˆŽˆYKˆ›XÙ[œÙHŽˆ“RU‹ˆ›Ü[Û˜[ŽˆYKˆ›ÜÈŽˆÂˆ›[^‚ˆKˆ™[™Ú[™\ÈŽˆÂˆ››ÙHŽˆLN‚ˆBˆKˆ››ÙWÛ[Ù[\ËÐ\ØZ[Û[^ZXLÌˆŽˆÂˆ™\œÚ[ÛˆŽˆŒŒŽŒ‹ˆœ™\ÛÛ™YŽˆšÎ‹ËÜ™YÚ\ÝžK›œZœË›Ü™ËÐ\ØZ[Û[^ZXLÌ‹ËKÛ[^ZXLÌ‹LŒŽŒÞˆ‹ˆš[YÜš]HŽˆœÚMLL‹RÐ›”ÕZÞ^ÌJÞY\•™
ÐÛŒN™Ô“TÑTYœ˜œY][TLÓVÝPŽMÓ›–‘ž–M’ÙœQVŒ”Ð^RUUP”OOH‹ˆ˜ÜHŽˆÂˆšXLÌˆ‚ˆKˆ™]ˆŽˆYKˆ›XÙ[œÙHŽˆ“RU‹ˆ›Ü[Û˜[ŽˆYKˆ›ÜÈŽˆÂˆ›[^‚ˆKˆ™[™Ú[™\ÈŽˆÂˆ››ÙHŽˆLN‚ˆBˆKˆ››ÙWÛ[Ù[\ËÐ\ØZ[Û[^[ÛÛ™ÍŽˆÂˆ™\œÚ[ÛˆŽˆŒŒŽŒ‹ˆœ™\ÛÛ™YŽˆšÎ‹ËÜ™YÚ\ÝžK›œZœË›Ü™ËÐ\ØZ[Û[^[ÛÛ™ÍËKÛ[^[ÛÛ™ÍLŒŽŒÞˆ‹ˆš[YÜš]HŽˆœÚMLL‹^œÛXÙL[[ž™ÐQžÖ\ÛVTRÌ™^“S’NL˜›ÙLÖ^›ÙÔ]Õ™ZÜÑM˜’ÊÜÕÑ
ØR”™ÏOH‹ˆ˜ÜHŽˆÂˆ›ÛÛ™Í‚ˆKˆ™]ˆŽˆYKˆ›XÙ[œÙHŽˆ“RU‹ˆ›Ü[Û˜[ŽˆYKˆ›ÜÈŽˆÂˆ›[^‚ˆKˆ™[™Ú[™\ÈŽˆÂˆ››ÙHŽˆLN‚ˆBˆKˆ››ÙWÛ[Ù[\ËÐ\ØZ[Û[^[Z\Í[ŽˆÂˆ™\œÚ[ÛˆŽˆŒŒŽŒ‹ˆœ™\ÛÛ™YŽˆšÎ‹ËÜ™YÚ\ÝžK›œZœË›Ü™ËÐ\ØZ[Û[^[Z\Í[ËKÛ[^[Z\Í[LŒŽŒÞˆ‹ˆš[YÜš]HŽˆœÚMLL‹Lš’Y”›[ZšÙYUÖÎ]›YZ›RÐQ•ÜSÞ˜ÙYS”ÐÒTÜR[Ó’MŒØÖ\Ú”TŽŠÝÑØMMZ^”˜ÔÒÛNÌÔUÛZÌÝÏOH‹ˆ˜ÜHŽˆÂˆ›Z\Í[‚ˆKˆ™]ˆŽˆYKˆ›XÙ[œÙHŽˆ“RU‹ˆ›Ü[Û˜[ŽˆYKˆ›ÜÈŽˆÂˆ›[^‚ˆKˆ™[™Ú[™\ÈŽˆÂˆ››ÙHŽˆLN‚ˆBˆKˆ››ÙWÛ[Ù[\ËÐ\ØZ[Û[^\ÍŽˆÂˆ™\œÚ[ÛˆŽˆŒŒŽŒ‹ˆœ™\ÛÛ™YŽˆšÎ‹ËÜ™YÚ\ÝžK›œZœË›Ü™ËÐ\ØZ[Û[^\ÍËKÛ[^\ÍLŒŽŒÞˆ‹ˆš[YÜš]HŽˆœÚMLL‹X˜Ì‘N]ÕÙPÌÐ›MRTSTÔS›ØÑÕ]ÚRÔÐNÜÍ•œ™RÒÑ
ÍT‘TÔÜ’‘ÛTT’ÎMV’’[ÐM‘Ó–QZÏOH‹ˆ˜ÜHŽˆÂˆœÍ‚ˆKˆ™]ˆŽˆYKˆ›XÙ[œÙHŽˆ“RU‹ˆ›Ü[Û˜[ŽˆYKˆ›ÜÈŽˆÂˆ›[^‚ˆKˆ™[™Ú[™\ÈŽˆÂˆ››ÙHŽˆLN‚ˆBˆKˆ››ÙWÛ[Ù[\ËÐ\ØZ[Û[^\š\ØÝŽˆÂˆ™\œÚ[ÛˆŽˆŒŒŽŒ‹ˆœ™\ÛÛ™YŽˆšÎ‹ËÜ™YÚ\ÝžK›œZœË›Ü™ËÐ\ØZ[Û[^\š\ØÝËKÛ[^\š\ØÝLŒŽŒÞˆ‹ˆš[YÜš]HŽˆœÚMLL‹TÔT“ÝÛÕÒ–R‘ËÝ–ÓÑ˜YÑÜ]–žVÙÓLÓš\XÐŒP’•LY˜Ì‘ØÜšZŒM–Œœ“šTÓV“ÖUÍXÕZÍÞSOOH‹ˆ˜ÜHŽˆÂˆœš\ØÝ‚ˆKˆ™]ˆŽˆYKˆ›XÙ[œÙHŽˆ“RU‹ˆ›Ü[Û˜[ŽˆYKˆ›ÜÈŽˆÂˆ›[^‚ˆKˆ™[™Ú[™\ÈŽˆÂˆ››ÙHŽˆLN‚ˆBˆKˆ››ÙWÛ[Ù[\ËÐ\ØZ[Û[^\ÌÎLŽˆÂˆ™\œÚ[ÛˆŽˆŒŒŽŒ‹ˆœ™\ÛÛ™YŽˆšÎ‹ËÜ™YÚ\ÝžK›œZœË›Ü™ËÐ\ØZ[Û[^\ÌÎLËKÛ[^\ÌÎLLŒŽŒÞˆ‹ˆš[YÜš]HŽˆœÚMLL‹TÐÙ”ŒŽÑQZ›–[žTÒ•˜ÝÌÎSÒ‹ÖQž^™Ò‘]ØJÝÓÕÜ˜QÕÖSPœ]ÑPÍ™Q’ÛR–V›ÔP”™’™ÝÓÔÜ›ŒÔOOH‹ˆ˜ÜHŽˆÂˆœÌÎL‚ˆKˆ™]ˆŽˆYKˆ›XÙ[œÙHŽˆ“RU‹ˆ›Ü[Û˜[ŽˆYKˆ›ÜÈŽˆÂˆ›[^‚ˆKˆ™[™Ú[™\ÈŽˆÂˆ››ÙHŽˆLN‚ˆBˆKˆ››ÙWÛ[Ù[\ËÐ\ØZ[Û[^^ŽˆÂˆ™\œÚ[ÛˆŽˆŒŒŽŒ‹ˆœ™\ÛÛ™YŽˆšÎ‹ËÜ™YÚ\ÝžK›œZœË›Ü™ËÐ\ØZ[Û[^^ËKÛ[^^LŒŽŒÞˆ‹ˆš[YÜš]HŽˆœÚMLL‹]\ÌØŽZQžZNÜ›œLÌSœÍZ]Ò™˜L’ÌÜ\ÍÙžŒ•Ù‘Ô^™ž–•™XÍÛÞ’”“”“–V[›T˜ÍSÒÕž’OOH‹ˆ˜ÜHŽˆÂˆž‚ˆKˆ™]ˆŽˆYKˆ›XÙ[œÙHŽˆ“RU‹ˆ›Ü[Û˜[ŽˆYKˆ›ÜÈŽˆÂˆ›[^‚ˆKˆ™[™Ú[™\ÈŽˆÂˆ››ÙHŽˆLN‚ˆBˆKˆ››ÙWÛ[Ù[\ËÐ\ØZ[Û™]œÙX\›MŽˆÂˆ™\œÚ[ÛˆŽˆŒŒŽŒ‹ˆœ™\ÛÛ™YŽˆšÎ‹ËÜ™YÚ\ÝžK›œZœË›Ü™ËÐ\ØZ[Û™]œÙX\›MËKÛ™]œÙX\›MLŒŽŒÞˆ‹ˆš[YÜš]HŽˆœÚMLL‹PÔ‹Ô–[ÝÝÒÝÝ]Ò›UMÞÕ“™ÌÛVVŒž•PRÙ“ÖÌÓœÝÓZ‹ÒÚÙšÑSÑÝÊÐœÙZÔ––PÝÛ]ÏOH‹ˆ˜ÜHŽˆÂˆ˜\›M‚ˆKˆ™]ˆŽˆYKˆ›XÙ[œÙHŽˆ“RU‹ˆ›Ü[Û˜[ŽˆYKˆ›ÜÈŽˆÂˆ›™]œÙ‚ˆKˆ™[™Ú[™\ÈŽˆÂˆ››ÙHŽˆLN‚ˆBˆKˆ››ÙWÛ[Ù[\ËÐ\ØZ[Û™]œÙ^ŽˆÂˆ™\œÚ[ÛˆŽˆŒŒŽŒ‹ˆœ™\ÛÛ™YŽˆšÎ‹ËÜ™YÚ\ÝžK›œZœË›Ü™ËÐ\ØZ[Û™]œÙ^ËKÛ™]œÙ^LŒŽŒÞˆ‹ˆš[YÜš]HŽˆœÚMLL‹[•L^ZV]]
Ù”MÌRÞšÎQSÙÌÑUÎY[ZÕÑX›˜LœÌ™Ø‘”ÓY\ZšžR›ÐÛ]ÐšÓÔÝ•ŠÞS›[NMU\œœ]ÏOH‹ˆ˜ÜHŽˆÂˆž‚ˆKˆ™]ˆŽˆYKˆ›XÙ[œÙHŽˆ“RU‹ˆ›Ü[Û˜[ŽˆYKˆ›ÜÈŽˆÂˆ›™]œÙ‚ˆKˆ™[™Ú[™\ÈŽˆÂˆ››ÙHŽˆLN‚ˆBˆKˆ››ÙWÛ[Ù[\ËÐ\ØZ[ÛÜ[˜œÙX\›MŽˆÂˆ™\œÚ[ÛˆŽˆŒŒŽŒ‹ˆœ™\ÛÛ™YŽˆšÎ‹ËÜ™YÚ\ÝžK›œZœË›Ü™ËÐ\ØZ[ÛÜ[˜œÙX\›MËKÛÜ[˜œÙX\›MLŒŽŒÞˆ‹ˆš[YÜš]HŽˆœÚMLL‹XÖ]\ÜÔœÞÑ[XÖŒVLÑ˜ÛÓ^‹Û›˜Í^\V\Ì•N’ÛUÍšÞ^YÊÌLVŽ]™ÓYQ[Þ”ÐY”ÐËÍ™ÏOH‹ˆ˜ÜHŽˆÂˆ˜\›M‚ˆKˆ™]ˆŽˆYKˆ›XÙ[œÙHŽˆ“RU‹ˆ›Ü[Û˜[ŽˆYKˆ›ÜÈŽˆÂˆ›Ü[˜œÙ‚ˆKˆ™[™Ú[™\ÈŽˆÂˆ››ÙHŽˆLN‚ˆBˆKˆ››ÙWÛ[Ù[\ËÐ\ØZ[ÛÜ[˜œÙ^ŽˆÂˆ™\œÚ[ÛˆŽˆŒŒŽŒ‹ˆœ™\ÛÛ™YŽˆšÎ‹ËÜ™YÚ\ÝžK›œZœË›Ü™ËÐ\ØZ[ÛÜ[˜œÙ^ËKÛÜ[˜œÙ^LŒŽŒÞˆ‹ˆš[YÜš]HŽˆœÚMLL‹NÖ“Lœ\]ŽUTÛ^žMÒQÖS’Þš•LÍM[\]PJÎNUTŠÙJÕÌR\S\ÙœÛÓÌZZÒR’NÌÑÑš›”ÛOOH‹ˆ˜ÜHŽˆÂˆž‚ˆKˆ™]ˆŽˆYKˆ›XÙ[œÙHŽˆ“RU‹ˆ›Ü[Û˜[ŽˆYKˆ›ÜÈŽˆÂˆ›Ü[˜œÙ‚ˆKˆ™[™Ú[™\ÈŽˆÂˆ››ÙHŽˆLN‚ˆBˆKˆ››ÙWÛ[Ù[\ËÐ\ØZ[ÛÜ[š\›[ÛžKX\›MŽˆÂˆ™\œÚ[ÛˆŽˆŒŒŽŒ‹ˆœ™\ÛÛ™YŽˆšÎ‹ËÜ™YÚ\ÝžK›œZœË›Ü™ËÐ\ØZ[ÛÜ[š\›[ÛžKX\›MËKÛÜ[š\›[ÛžKX\›MLŒŽŒÞˆ‹ˆš[YÜš]HŽˆœÚMLL‹Q“ÙžZ^œÞ˜ÙYPÌÖ]ÞTQPÞYÎMJÙ™ÎZL‘YZÒS›Ùš]ÜØLRÝPœSÕÒÜ‘R™ÌÞœ“Ý[ÝQMZ™ÜŽMJÕØŒÏOH‹ˆ˜ÜHŽˆÂˆ˜\›M‚ˆKˆ™]ˆŽˆYKˆ›XÙ[œÙHŽˆ“RU‹ˆ›Ü[Û˜[ŽˆYKˆ›ÜÈŽˆÂˆ›Ü[š\›[ÛžH‚ˆKˆ™[™Ú[™\ÈŽˆÂˆ5ÓÞ÷öÚ$z{-®éÜj×"engines": {
        "node": ">=18"
      }
    },
    "node_modules/vite/node_modules/@esbuild/linux-arm": {
      "version": "0.25.12",
      "resolved": "https://registry.npmjs.org/@esbuild/linux-arm/-/linux-arm-0.25.12.tgz",
      "integrity": "sha512-lPDGyC1JPDou8kGcywY0YILzWlhhnRjdof3UlcoqYmS9El818LLfJJc3PXXgZHrHCAKs/Z2SeZtDJr5MrkxtOw==",
      "cpu": [
        "arm"
      ],
      "license": "MIT",
      "optional": true,
      "os": [
        "linux"
      ],
      "engines": {
        "node": ">=18"
      }
    },
    "node_modules/vite/node_modules/@esbuild/linux-arm64": {
      "version": "0.25.12",
      "resolved": "https://registry.npmjs.org/@esbuild/linux-arm64/-/linux-arm64-0.25.12.tgz",
      "integrity": "sha512-8bwX7a8FghIgrupcxb4aUmYDLp8pX06rGh5HqDT7bB+8Rdells6mHvrFHHW2JAOPZUbnjUpKTLg6ECyzvas2AQ==",
      "cpu": [
        "arm64"
      ],
      "license": "MIT",
      "optional": true,
      "os": [
        "linux"
      ],
      "engines": {
        "node": ">=18"
      }
    },
    "node_modules/vite/node_modules/@esbuild/linux-ia32": {
      "version": "0.25.12",
      "resolved": "https://registry.npmjs.org/@esbuild/linux-ia32/-/linux-ia32-0.25.12.tgz",
      "integrity": "sha512-0y9KrdVnbMM2/vG8KfU0byhUN+EFCny9+8g202gYqSSVMonbsCfLjUO+rCci7pM0WBEtz+oK/PIwHkzxkyharA==",
      "cpu": [
        "ia32"
      ],
      "license": "MIT",
      "optional": true,
      "os": [
        "linux"
      ],
      "engines": {
        "node": ">=18"
      }
    },
    "node_modules/vite/node_modules/@esbuild/linux-loong64": {
      "version": "0.25.12",
      "resolved": "https://registry.npmjs.org/@esbuild/linux-loong64/-/linux-loong64-0.25.12.tgz",
      "integrity": "sha512-h///Lr5a9rib/v1GGqXVGzjL4TMvVTv+s1DPoxQdz7l/AYv6LDSxdIwzxkrPW438oUXiDtwM10o9PmwS/6Z0Ng==",
      "cpu": [
        "loong64"
      ],
      "license": "MIT",
      "optional": true,
      "os": [
        "linux"
      ],
      "engines": {
        "node": ">=18"
      }
    },
    "node_modules/vite/node_modules/@esbuild/linux-mips64el": {
      "version": "0.25.12",
      "resolved": "https://registry.npmjs.org/@esbuild/linux-mips64el/-/linux-mips64el-0.25.12.tgz",
      "integrity": "sha512-iyRrM1Pzy9GFMDLsXn1iHUm18nhKnNMWscjmp4+hpafcZjrr2WbT//d20xaGljXDBYHqRcl8HnxbX6uaA/eGVw==",
      "cpu": [
        "mips64el"
      ],
      "license": "MIT",
      "optional": true,
      "os": [
        "linux"
      ],
      "engines": {
        "node": ">=18"
      }
    },
    "node_modules/vite/node_modules/@esbuild/linux-ppc64": {
      "version": "0.25.12",
      "resolved": "https://registry.npmjs.org/@esbuild/linux-ppc64/-/linux-ppc64-0.25.12.tgz",
      "integrity": "sha512-9meM/lRXxMi5PSUqEXRCtVjEZBGwB7P/D4yT8UG/mwIdze2aV4Vo6U5gD3+RsoHXKkHCfSxZKzmDssVlRj1QQA==",
      "cpu": [
        "ppc64"
      ],
      "license": "MIT",
      "optional": true,
      "os": [
        "linux"
      ],
      "engines": {
        "node": ">=18"
      }
    },
    "node_modules/vite/node_modules/@esbuild/linux-riscv64": {
      "version": "0.25.12",
      "resolved": "https://registry.npmjs.org/@esbuild/linux-riscv64/-/linux-riscv64-0.25.12.tgz",
      "integrity": "sha512-Zr7KR4hgKUpWAwb1f3o5ygT04MzqVrGEGXGLnj15YQDJErYu/BGg+wmFlIDOdJp0PmB0lLvxFIOXZgFRrdjR0w==",
      "cpu": [
        "riscv64"
      ],
      "license": "MIT",
      "optional": true,
      "os": [
        "linux"
      ],
      "engines": {
        "node": ">=18"
      }
    },
    "node_modules/vite/node_modules/@esbuild/linux-s390x": {
      "version": "0.25.12",
      "resolved": "https://registry.npmjs.org/@esbuild/linux-s390x/-/linux-s390x-0.25.12.tgz",
      "integrity": "sha512-MsKncOcgTNvdtiISc/jZs/Zf8d0cl/t3gYWX8J9ubBnVOwlk65UIEEvgBORTiljloIWnBzLs4qhzPkJcitIzIg==",
      "cpu": [
        "s390x"
      ],
      "license": "MIT",
      "optional": true,
      "os": [
        "linux"
      ],
      "engines": {
        "node": ">=18"
      }
    },
    "node_modules/vite/node_modules/@esbuild/linux-x64": {
      "version": "0.25.12",
      "resolved": "https://registry.npmjs.org/@esbuild/linux-x64/-/linux-x64-0.25.12.tgz",
      "integrity": "sha512-uqZMTLr/zR/ed4jIGnwSLkaHmPjOjJvnm6TVVitAa08SLS9Z0VM8wIRx7gWbJB5/J54YuIMInDquWyYvQLZkgw==",
      "cpu": [
        "x64"
      ],
      "license": "MIT",
      "optional": true,
      "os": [
        "linux"
      ],
      "engines": {
        "node": ">=18"
      }
    },
    "node_modules/vite/node_modules/@esbuild/netbsd-arm64": {
      "version": "0.25.12",
      "resolved": "https://registry.npmjs.org/@esbuild/netbsd-arm64/-/netbsd-arm64-0.25.12.tgz",
      "integrity": "sha512-xXwcTq4GhRM7J9A8Gv5boanHhRa/Q9KLVmcyXHCTaM4wKfIpWkdXiMog/KsnxzJ0A1+nD+zoecuzqPmCRyBGjg==",
      "cpu": [
        "arm64"
      ],
      "license": "MIT",
      "optional": true,
      "os": [
        "netbsd"
      ],
      "engines": {
        "node": ">=18"
      }
    },
    "node_modules/vite/node_modules/@esbuild/netbsd-x64": {
      "version": "0.25.12",
      "resolved": "https://registry.npmjs.org/@esbuild/netbsd-x64/-/netbsd-x64-0.25.12.tgz",
      "integrity": "sha512-Ld5pTlzPy3YwGec4OuHh1aCVCRvOXdH8DgRjfDy/oumVovmuSzWfnSJg+VtakB9Cm0gxNO9BzWkj6mtO1FMXkQ==",
      "cpu": [
        "x64"
      ],
      "license": "MIT",
      "optional": true,
      "os": [
        "netbsd"
      ],
      "engines": {
        "node": ">=18"
      }
    },
    "node_modules/vite/node_modules/@esbuild/openbsd-arm64": {
      "version": "0.25.12",
      "resolved": "https://registry.npmjs.org/@esbuild/openbsd-arm64/-/openbsd-arm64-0.25.12.tgz",
      "integrity": "sha512-fF96T6KsBo/pkQI950FARU9apGNTSlZGsv1jZBAlcLL1MLjLNIWPBkj5NlSz8aAzYKg+eNqknrUJ24QBybeR5A==",
      "cpu": [
        "arm64"
      ],
      "license": "MIT",
      "optional": true,
      "os": [
        "openbsd"
      ],
      "engines": {
        "node": ">=18"
      }
    },
    "node_modules/vite/node_modules/@esbuild/openbsd-x64": {
      "version": "0.25.12",
      "resolved": "https://registry.npmjs.org/@esbuild/openbsd-x64/-/openbsd-x64-0.25.12.tgz",
      "integrity": "sha512-MZyXUkZHjQxUvzK7rN8DJ3SRmrVrke8ZyRusHlP+kuwqTcfWLyqMOE3sScPPyeIXN/mDJIfGXvcMqCgYKekoQw==",
      "cpu": [
        "x64"
      ],
      "license": "MIT",
      "optional": true,
      "os": [
        "openbsd"
      ],
      "engines": {
        "node": ">=18"
      }
    },
    "node_modules/vite/node_modules/@esbuild/openharmony-arm64": {
      "version": "0.25.12",
      "resolved": "https://registry.npmjs.org/@esbuild/openharmony-arm64/-/openharmony-arm64-0.25.12.tgz",
      "integrity": "sha512-rm0YWsqUSRrjncSXGA7Zv78Nbnw4XL6/dzr20cyrQf7ZmRcsovpcRBdhD43Nuk3y7XIoW2OxMVvwuRvk9XdASg==",
      "cpu": [
        "arm64"
      ],
      "license": "MIT",
      "optional": true,
      "os": [
        "openharmony"
      ],
      "engines": {
        "node": ">=18"
      }
    },
    "node_modules/vite/node_modules/@esbuild/sunos-x64": {
      "version": "0.25.12",
      "resolved": "https://registry.npmjs.org/@esbuild/sunos-x64/-/sunos-x64-0.25.12.tgz",
      "integrity": "sha512-3wGSCDyuTHQUzt0nV7bocDy72r2lI33QL3gkDNGkod22EsYl04sMf0qLb8luNKTOmgF/eDEDP5BFNwoBKH441w==",
      "cpu": [
        "x64"
      ],
      "license": "MIT",
      "optional": true,
      "os": [
        "sunos"
      ],
      "engines": {
        "node": ">=18"
      }
    },
    "node_modules/vite/node_modules/@esbuild/win32-arm64": {
      "version": "0.25.12",
      "resolved": "https://registry.npmjs.org/@esbuild/win32-arm64/-/win32-arm64-0.25.12.tgz",
      "integrity": "sha512-rMmLrur64A7+DKlnSuwqUdRKyd3UE7oPJZmnljqEptesKM8wx9J8gx5u0+9Pq0fQQW8vqeKebwNXdfOyP+8Bsg==",
      "cpu": [
        "arm64"
      ],
      "license": "MIT",
      "optional": true,
      "os": [
        "win32"
      ],
      "engines": {
        "node": ">=18"
      }
    },
    "node_modules/vite/node_modules/@esbuild/win32-ia32": {
      "version": "0.25.12",
      "resolved": "https://registry.npmjs.org/@esbuild/win32-ia32/-/win32-ia32-0.25.12.tgz",
      "integrity": "sha512-HkqnmmBoCbCwxUKKNPBixiWDGCpQGVsrQfJoVGYLPT41XWF8lHuE5N6WhVia2n4o5QK5M4tYr21827fNhi4byQ==",
      "cpu": [
        "ia32"
      ],
      "license": "MIT",
      "optional": true,
      "os": [
        "win32"
      ],
      "engines": {
        "node": ">=18"
      }
    },
    "node_modules/vite/node_modules/@esbuild/win32-x64": {
      "version": "0.25.12",
      "resolved": "https://registry.npmjs.org/@esbuild/win32-x64/-/win32-x64-0.25.12.tgz",
      "integrity": "sha512-alJC0uCZpTFrSL0CCDjcgleBXPnCrEAhTBILpeAp7M/OFgoqtAetfBzX0xM00MUsVVPpVjlPuMbREqnZCXaTnA==",
      "cpu": [
        "x64"
      ],
      "license": "MIT",
      "optional": true,
      "os": [
        "win32"
      ],
      "engines": {
        "node": ">=18"
      }
    },
    "node_modules/vite/node_modules/esbuild": {
      "version": "0.25.12",
      "resolved": "https://registry.npmjs.org/esbuild/-/esbuild-0.25.12.tgz",
      "integrity": "sha512-bbPBYYrtZbkt6Os6FiTLCTFxvq4tt3JKall1vRwshA3fdVztsLAatFaZobhkBC8/BrPetoa0oksYoKXoG4ryJg==",
      "hasInstallScript": true,
      "license": "MIT",
      "bin": {
        "esbuild": "bin/esbuild"
      },
      "engines": {
        "node": ">=18"
      },
      "optionalDependencies": {
        "@esbuild/aix-ppc64": "0.25.12",
        "@esbuild/android-arm": "0.25.12",
        "@esbuild/android-arm64": "0.25.12",
        "@esbuild/android-x64": "0.25.12",
        "@esbuild/darwin-arm64": "0.25.12",
        "@esbuild/darwin-x64": "0.25.12",
        "@esbuild/freebsd-arm64": "0.25.12",
        "@esbuild/freebsd-x64": "0.25.12",
        "@esbuild/linux-arm": "0.25.12",
        "@esbuild/linux-arm64": "0.25.12",
        "@esbuild/linux-ia32": "0.25.12",
        "@esbuild/linux-loong64": "0.25.12",
        "@esbuild/linux-mips64el": "0.25.12",
        "@esbuild/linux-ppc64": "0.25.12",
        "@esbuild/linux-riscv64": "0.25.12",
        "@esbuild/linux-s390x": "0.25.12",
        "@esbuild/linux-x64": "0.25.12",
        "@esbuild/netbsd-arm64": "0.25.12",
        "@esbuild/netbsd-x64": "0.25.12",
        "@esbuild/openbsd-arm64": "0.25.12",
        "@esbuild/openbsd-x64": "0.25.12",
        "@esbuild/openharmony-arm64": "0.25.12",
        "@esbuild/sunos-x64": "0.25.12",
        "@esbuild/win32-arm64": "0.25.12",
        "@esbuild/win32-ia32": "0.25.12",
        "@esbuild/win32-x64": "0.25.12"
      }
    },
    "node_modules/w3c-keyname": {
      "version": "2.2.8",
      "resolved": "https://registry.npmjs.org/w3c-keyname/-/w3c-keyname-2.2.8.tgz",
      "integrity": "sha512-dpojBhNsCNN7T82Tm7k26A6G9ML3NkhDsnw9n/eoxSRlVBB4CEtIQ/KTCLI2Fwf3ataSXRhYFkQi3SlnFwPvPQ==",
      "license": "MIT"
    },
    "node_modules/web-streams-polyfill": {
      "version": "3.3.3",
      "resolved": "https://registry.npmjs.org/web-streams-polyfill/-/web-streams-polyfill-3.3.3.tgz",
      "integrity": "sha512-d2JWLCivmZYTSIoge9MsgFCZrt571BikcWGYkjC1khllbTeDlGqZ2D8vD8E/lJa8WGWbb7Plm8/XJYV7IJHZZw==",
      "license": "MIT",
      "engines": {
        "node": ">= 8"
      }
    },
    "node_modules/web-vitals": {
      "version": "4.2.4",
      "resolved": "https://registry.npmjs.org/web-vitals/-/web-vitals-4.2.4.tgz",
      "integrity": "sha512-r4DIlprAGwJ7YM11VZp4R884m0Vmgr6EAKe3P+kO0PPj3Unqyvv59rczf6UiGcb9Z8QxZVcqKNwv/g0WNdWwsw==",
      "license": "Apache-2.0"
    },
    "node_modules/websocket-driver": {
      "version": "0.7.4",
      "resolved": "https://registry.npmjs.org/websocket-driver/-/websocket-driver-0.7.4.tgz",
      "integrity": "sha512-b17KeDIQVjvb0ssuSDF2cYXSg2iztliJ4B9WdsuB6J952qCPKmnVq4DyW5motImXHDC1cBT/1UezrJVsKw5zjg==",
      "license": "Apache-2.0",
      "dependencies": {
        "http-parser-js": ">=0.5.1",
        "safe-buffer": ">=5.1.0",
        "websocket-extensions": ">=0.1.1"
      },
      "engines": {
        "node": ">=0.8.0"
      }
    },
    "node_modules/websocket-extensions": {
      "version": "0.1.4",
      "resolved": "https://registry.npmjs.org/websocket-extensions/-/websocket-extensions-0.1.4.tgz",
      "integrity": "sha512-OqedPIGOfsDlo31UNwYbCFMSaO9m9G/0faIHj5/dZFDMFqPTcx6UwqyOy3COEaEOg/9VsGIpdqn62W5KhoKSpg==",
      "license": "Apache-2.0",
      "engines": {
        "node": ">=0.8.0"
      }
    },
    "node_modules/which": {
      "version": "2.0.2",
      "resolved": "https://registry.npmjs.org/which/-/which-2.0.2.tgz",
      "integrity": "sha512-BLI3Tl1TW3Pvl70l3yq3Y64i+awpwXqsGBYWkkqMtnbXgrMD+yj7rhW0kuEDxzJaYXGjEW5ogapKNMEKNMjibA==",
      "license": "ISC",
      "dependencies": {
        "isexe": "^2.0.0"
      },
      "bin": {
        "node-which": "bin/node-which"
      },
      "engines": {
        "node": ">= 8"
      }
    },
    "node_modules/wmf": {
      "version": "1.0.2",
      "resolved": "https://registry.npmjs.org/wmf/-/wmf-1.0.2.tgz",
      "integrity": "sha512-/p9K7bEh0Dj6WbXg4JG0xvLQmIadrner1bi45VMJTfnbVHsc7yIajZyoSoK60/dtVBs12Fm6WkUI5/3WAVsNMw==",
      "license": "Apache-2.0",
      "engines": {
        "node": ">=0.8"
      }
    },
    "node_modules/word": {
      "version": "0.3.0",
      "resolved": "https://registry.npmjs.org/word/-/word-0.3.0.tgz",
      "integrity": "sha512-OELeY0Q61OXpdUfTp+oweA/vtLVg5VDOXh+3he3PNzLGG/y0oylSOC1xRVj0+l4vQ3tj/bB1HVHv1ocXkQceFA==",
      "license": "Apache-2.0",
      "engines": {
        "node": ">=0.8"
      }
    },
    "node_modules/word-wrap": {
      "version": "1.2.5",
      "resolved": "https://registry.npmjs.org/word-wrap/-/word-wrap-1.2.5.tgz",
      "integrity": "sha512-BN22B5eaMMI9UMtjrGd5g5eCYPpCPDUy0FJXbYsaT5zYxjFOckS53SQDE3pWkVoWpHXVb3BrYcEN4Twa55B5cA==",
      "dev": true,
      "license": "MIT",
      "engines": {
        "node": ">=0.10.0"
      }
    },
    "node_modules/wrap-ansi": {
      "version": "8.1.0",
      "resolved": "https://registry.npmjs.org/wrap-ansi/-/wrap-ansi-8.1.0.tgz",
      "integrity": "sha512-si7QWI6zUMq56bESFvagtmzMdGOtoxfR+Sez11Mobfc7tm+VkUckk9bW2UeffTGVUbOksxmSw0AA2gs8g71NCQ==",
      "license": "MIT",
      "dependencies": {
        "ansi-styles": "^6.1.0",
        "string-width": "^5.0.1",
        "strip-ansi": "^7.0.1"
      },
      "engines": {
        "node": ">=12"
      },
      "funding": {
        "url": "https://github.com/chalk/wrap-ansi?sponsor=1"
      }
    },
    "node_modules/wrap-ansi-cjs": {
      "name": "wrap-ansi",
      "version": "7.0.0",
      "resolved": "https://registry.npmjs.org/wrap-ansi/-/wrap-ansi-7.0.0.tgz",
      "integrity": "sha512-YVGIj2kamLSTxw6NsZjoBxfSwsn0ycdesmc4p+Q21c5zPuZ1pl+NfxVdxPtdHvmNVOQ6XSYG4AUtyt/Fi7D16Q==",
      "license": "MIT",
      "dependencies": {
        "ansi-styles": "^4.0.0",
        "string-width": "^4.1.0",
        "strip-ansi": "^6.0.0"
      },
      "engines": {
        "node": ">=10"
      },
      "funding": {
        "url": "https://github.com/chalk/wrap-ansi?sponsor=1"
      }
    },
    "node_modules/wrap-ansi-cjs/node_modules/ansi-regex": {
      "version": "5.0.1",
      "resolved": "https://registry.npmjs.org/ansi-regex/-/ansi-regex-5.0.1.tgz",
      "integrity": "sha512-quJQXlTSUGL2LH9SUXo8VwsY4soanhgo6LNSm84E1LBcE8s3O0wpdiRzyR9z/ZZJMlMWv37qOOb9pdJlMUEKFQ==",
      "license": "MIT",
      "engines": {
        "node": ">=8"
      }
    },
    "node_modules/wrap-ansi-cjs/node_modules/ansi-styles": {
      "version": "4.3.0",
      "resolved": "https://registry.npmjs.org/ansi-styles/-/ansi-styles-4.3.0.tgz",
      "integrity": "sha512-zbB9rCJAT1rbjiVDb2hqKFHNYLxgtk8NURxZ3IZwD3F6NtxbXZQCnnSi1Lkx+IDohdPlFp222wVALIheZJQSEg==",
      "license": "MIT",
      "dependencies": {
        "color-convert": "^2.0.1"
      },
      "engines": {
        "node": ">=8"
      },
      "funding": {
        "url": "https://github.com/chalk/ansi-styles?sponsor=1"
      }
    },
    "node_modules/wrap-ansi-cjs/node_modules/emoji-regex": {
      "version": "8.0.0",
      "resolved": "https://registry.npmjs.org/emoji-regex/-/emoji-regex-8.0.0.tgz",
      "integrity": "sha512-MSjYzcWNOA0ewAHpz0MxpYFvwg6yjy1NG3xteoqz644VCo/RPgnr1/GGt+ic3iJTzQ8Eu3TdM14SawnVUmGE6A==",
      "license": "MIT"
    },
    "node_modules/wrap-ansi-cjs/node_modules/string-width": {
      "version": "4.2.3",
      "resolved": "https://registry.npmjs.org/string-width/-/string-width-4.2.3.tgz",
      "integrity": "sha512-wKyQRQpjJ0sIp62ErSZdGsjMJWsap5oRNihHhu6G7JVO/9jIB6UyevL+tXuOqrng8j/cxKTWyWUwvSTriiZz/g==",
      "license": "MIT",
      "dependencies": {
        "emoji-regex": "^8.0.0",
        "is-fullwidth-code-point": "^3.0.0",
        "strip-ansi": "^6.0.1"
      },
      "engines": {
        "node": ">=8"
      }
    },
    "node_modules/wrap-ansi-cjs/node_modules/strip-ansi": {
      "version": "6.0.1",
      "resolved": "https://registry.npmjs.org/strip-ansi/-/strip-ansi-6.0.1.tgz",
      "integrity": "sha512-Y38VPSHcqkFrCpFnQ9vuSXmquuv5oXOKpGeT6aGrr3o3Gc9AlVa6JBfUSOCnbxGGZF+/0ooI7KrPuUSztUdU5A==",
      "license": "MIT",
      "dependencies": {
        "ansi-regex": "^5.0.1"
      },
      "engines": {
        "node": ">=8"
      }
    },
    "node_modules/wrappy": {
      "version": "1.0.2",
      "resolved": "https://registry.npmjs.org/wrappy/-/wrappy-1.0.2.tgz",
      "integrity": "sha512-l4Sp/DRseor9wL6EvV2+TuQn63dMkPjZ/sp9XkghTEbV9KlPS1xUsZ3u7/IQO4wxtcFB4bgpQPRcR3QCvezPcQ==",
      "license": "ISC"
    },
    "node_modules/ws": {
      "version": "8.19.0",
      "resolved": "https://registry.npmjs.org/ws/-/ws-8.19.0.tgz",
      "integrity": "sha512-blAT2mjOEIi0ZzruJfIhb3nps74PRWTCz1IjglWEEpQl5XS/UNama6u2/rjFkDDouqr4L67ry+1aGIALViWjDg==",
      "license": "MIT",
      "engines": {
        "node": ">=10.0.0"
      },
      "peerDependencies": {
        "bufferutil": "^4.0.1",
        "utf-8-validate": ">=5.0.2"
      },
      "peerDependenciesMeta": {
        "bufferutil": {
          "optional": true
        },
        "utf-8-validate": {
          "optional": true
        }
      }
    },
    "node_modules/xlsx": {
      "version": "0.18.5",
      "resolved": "https://registry.npmjs.org/xlsx/-/xlsx-0.18.5.tgz",
      "integrity": "sha512-dmg3LCjBPHZnQp5/F/+nnTa+miPJxUXB6vtk42YjBBKayDNagxGEeIdWApkYPOf3Z3pm3k62Knjzp7lMeTEtFQ==",
      "license": "Apache-2.0",
      "dependencies": {
        "adler-32": "~1.3.0",
        "cfb": "~1.2.1",
        "codepage": "~1.15.0",
        "crc-32": "~1.2.1",
        "ssf": "~0.11.2",
        "wmf": "~1.0.1",
        "word": "~0.3.0"
      },
      "bin": {
        "xlsx": "bin/xlsx.njs"
      },
      "engines": {
        "node": ">=0.8"
      }
    },
    "node_modules/y18n": {
      "version": "5.0.8",
      "resolved": "https://registry.npmjs.org/y18n/-/y18n-5.0.8.tgz",
      "integrity": "sha512-0pfFzegeDWJHJIAmTLRP2DwHjdF5s7jo9tuztdQxAhINCdvS+3nGINqPd00AphqJR/0LhANUS6/+7SCb98YOfA==",
      "license": "ISC",
      "engines": {
        "node": ">=10"
      }
    },
    "node_modules/yallist": {
      "version": "3.1.1",
      "resolved": "https://registry.npmjs.org/yallist/-/yallist-3.1.1.tgz",
      "integrity": "sha512-a4UGQaWPH59mOXUYnAG2ewncQS4i4F43Tv3JoAM+s2VDAmS9NsK8GpDMLrCHPksFT7h3K6TOoUNn2pb7RoXx4g==",
      "license": "ISC"
    },
    "node_modules/yargs": {
      "version": "17.7.2",
      "resolved": "https://registry.npmjs.org/yargs/-/yargs-17.7.2.tgz",
      "integrity": "sha512-7dSzzRQ++CKnNI/krKnYRV7JKKPUXMEh61soaHKg9mrWEhzFWhFnxPxGl+69cD1Ou63C13NUPCnmIcrvqCuM6w==",
      "license": "MIT",
      "dependencies": {
        "cliui": "^8.0.1",
        "escalade": "^3.1.1",
        "get-caller-file": "^2.0.5",
        "require-directory": "^2.1.1",
        "string-width": "^4.2.3",
        "y18n": "^5.0.5",
        "yargs-parser": "^21.1.1"
      },
      "engines": {
        "node": ">=12"
      }
    },
    "node_modules/yargs-parser": {
      "version": "21.1.1",
      "resolved": "https://registry.npmjs.org/yargs-parser/-/yargs-parser-21.1.1.tgz",
      "integrity": "sha512-tVpsJW7DdjecAiFpbIB1e3qxIQsE6NoPc5/eTdrbbIC4h0LVsWhnoa3g+m2HclBIujHzsxZ4VJVA+GUuc2/LBw==",
      "license": "ISC",
      "engines": {
        "node": ">=12"
      }
    },
    "node_modules/yargs/node_modules/ansi-regex": {
      "version": "5.0.1",
      "resolved": "https://registry.npmjs.org/ansi-regex/-/ansi-regex-5.0.1.tgz",
      "integrity": "sha512-quJQXlTSUGL2LH9SUXo8VwsY4soanhgo6LNSm84E1LBcE8s3O0wpdiRzyR9z/ZZJMlMWv37qOOb9pdJlMUEKFQ==",
      "license": "MIT",
      "engines": {
        "node": ">=8"
      }
    },
    "node_modules/yargs/node_modules/emoji-regex": {
      "version": "8.0.0",
      "resolved": "https://registry.npmjs.org/emoji-regex/-/emoji-regex-8.0.0.tgz",
      "integrity": "sha512-MSjYzcWNOA0ewAHpz0MxpYFvwg6yjy1NG3xteoqz644VCo/RPgnr1/GGt+ic3iJTzQ8Eu3TdM14SawnVUmGE6A==",
      "license": "MIT"
    },
    "node_modules/yargs/node_modules/string-width": {
      "version": "4.2.3",
      "resolved": "https://registry.npmjs.org/string-width/-/string-width-4.2.3.tgz",
      "integrity": "sha512-wKyQRQpjJ0sIp62ErSZdGsjMJWsap5oRNihHhu6G7JVO/9jIB6UyevL+tXuOqrng8j/cxKTWyWUwvSTriiZz/g==",
      "license": "MIT",
      "dependencies": {
        "emoji-regex": "^8.0.0",
        "is-fullwidth-code-point": "^3.0.0",
        "strip-ansi": "^6.0.1"
      },
      "engines": {
        "node": ">=8"
      }
    },
    "node_modules/yargs/node_modules/strip-ansi": {
      "version": "6.0.1",
      "resolved": "https://registry.npmjs.org/strip-ansi/-/strip-ansi-6.0.1.tgz",
      "integrity": "sha512-Y38VPSHcqkFrCpFnQ9vuSXmquuv5oXOKpGeT6aGrr3o3Gc9AlVa6JBfUSOCnbxGGZF+/0ooI7KrPuUSztUdU5A==",
      "license": "MIT",
      "dependencies": {
        "ansi-regex": "^5.0.1"
      },
      "engines": {
        "node": ">=8"
      }
    },
    "node_modules/yocto-queue": {
      "version": "0.1.0",
      "resolved": "https://registry.npmjs.org/yocto-queue/-/yocto-queue-0.1.0.tgz",
      "integrity": "sha512-rVksvsnNCdJ/ohGc6xgPwyN8eheCxsiLM8mxuE/t/mOVqJewPuO1miLpTHQiRgTKCLexL4MeAFVagts7HmNZ2Q==",
      "dev": true,
      "license": "MIT",
      "engines": {
        "node": ">=10"
      },
      "funding": {
        "url": "https://github.com/sponsors/sindresorhus"
      }
    },
    "node_modules/zwitch": {
      "version": "2.0.4",
      "resolved": "https://registry.npmjs.org/zwitch/-/zwitch-2.0.4.tgz",
      "integrity": "sha512-bXE4cR/kVZhKZX/RjPEflHaKVhUVl85noU3v6b8apfQEc1x4A+zBxjZ4lN8LqGd6WZ3dl98pY4o717VFmoPp+A==",
      "license": "MIT",
      "funding": {
        "type": "github",
        "url": "https://github.com/sponsors/wooorm"
      }
    }
  }
}
